// !$*UTF8*$!
{
	archiveVersion = 1;
	classes = {
	};
	objectVersion = 46;
	objects = {

/* Begin PBXAggregateTarget section */
		"RequestKit::RequestKitPackageTests::ProductTarget" /* RequestKitPackageTests */ = {
			isa = PBXAggregateTarget;
			buildConfigurationList = OBJ_31 /* Build configuration list for PBXAggregateTarget "RequestKitPackageTests" */;
			buildPhases = (
			);
			dependencies = (
				OBJ_34 /* PBXTargetDependency */,
			);
			name = RequestKitPackageTests;
			productName = RequestKitPackageTests;
		};
/* End PBXAggregateTarget section */

/* Begin PBXBuildFile section */
		E2C74EA125047AF500948FF2 /* Components.swift in Sources */ = {isa = PBXBuildFile; fileRef = E2C74EA025047AF500948FF2 /* Components.swift */; };
		E2C74EA325047B2000948FF2 /* URLComponents+Additions.swift in Sources */ = {isa = PBXBuildFile; fileRef = E2C74EA225047B2000948FF2 /* URLComponents+Additions.swift */; };
		E2C74EA525047B4000948FF2 /* WrapperRequest.swift in Sources */ = {isa = PBXBuildFile; fileRef = E2C74EA425047B4000948FF2 /* WrapperRequest.swift */; };
		E2C74EA72504818800948FF2 /* Optional+Additions.swift in Sources */ = {isa = PBXBuildFile; fileRef = E2C74EA62504818800948FF2 /* Optional+Additions.swift */; };
		E2C74EB62505616A00948FF2 /* URLRequest+Additions.swift in Sources */ = {isa = PBXBuildFile; fileRef = E2C74EB52505616A00948FF2 /* URLRequest+Additions.swift */; };
		OBJ_22 /* RequestKit.swift in Sources */ = {isa = PBXBuildFile; fileRef = OBJ_9 /* RequestKit.swift */; };
		OBJ_29 /* Package.swift in Sources */ = {isa = PBXBuildFile; fileRef = OBJ_6 /* Package.swift */; };
		OBJ_40 /* RequestKitTests.swift in Sources */ = {isa = PBXBuildFile; fileRef = OBJ_12 /* RequestKitTests.swift */; };
		OBJ_41 /* XCTestManifests.swift in Sources */ = {isa = PBXBuildFile; fileRef = OBJ_13 /* XCTestManifests.swift */; };
		OBJ_43 /* RequestKit.framework in Frameworks */ = {isa = PBXBuildFile; fileRef = "RequestKit::RequestKit::Product" /* RequestKit.framework */; };
/* End PBXBuildFile section */

/* Begin PBXContainerItemProxy section */
		E2C74E9E250479E300948FF2 /* PBXContainerItemProxy */ = {
			isa = PBXContainerItemProxy;
			containerPortal = OBJ_1 /* Project object */;
			proxyType = 1;
			remoteGlobalIDString = "RequestKit::RequestKit";
			remoteInfo = RequestKit;
		};
		E2C74E9F250479E400948FF2 /* PBXContainerItemProxy */ = {
			isa = PBXContainerItemProxy;
			containerPortal = OBJ_1 /* Project object */;
			proxyType = 1;
			remoteGlobalIDString = "RequestKit::RequestKitTests";
			remoteInfo = RequestKitTests;
		};
/* End PBXContainerItemProxy section */

/* Begin PBXFileReference section */
		E2C74EA025047AF500948FF2 /* Components.swift */ = {isa = PBXFileReference; lastKnownFileType = sourcecode.swift; path = Components.swift; sourceTree = "<group>"; };
		E2C74EA225047B2000948FF2 /* URLComponents+Additions.swift */ = {isa = PBXFileReference; lastKnownFileType = sourcecode.swift; path = "URLComponents+Additions.swift"; sourceTree = "<group>"; };
		E2C74EA425047B4000948FF2 /* WrapperRequest.swift */ = {isa = PBXFileReference; lastKnownFileType = sourcecode.swift; path = WrapperRequest.swift; sourceTree = "<group>"; };
		E2C74EA62504818800948FF2 /* Optional+Additions.swift */ = {isa = PBXFileReference; lastKnownFileType = sourcecode.swift; path = "Optional+Additions.swift"; sourceTree = "<group>"; };
		E2C74EB52505616A00948FF2 /* URLRequest+Additions.swift */ = {isa = PBXFileReference; lastKnownFileType = sourcecode.swift; path = "URLRequest+Additions.swift"; sourceTree = "<group>"; };
		OBJ_12 /* RequestKitTests.swift */ = {isa = PBXFileReference; lastKnownFileType = sourcecode.swift; path = RequestKitTests.swift; sourceTree = "<group>"; };
		OBJ_13 /* XCTestManifests.swift */ = {isa = PBXFileReference; lastKnownFileType = sourcecode.swift; path = XCTestManifests.swift; sourceTree = "<group>"; };
		OBJ_6 /* Package.swift */ = {isa = PBXFileReference; explicitFileType = sourcecode.swift; path = Package.swift; sourceTree = "<group>"; };
		OBJ_9 /* RequestKit.swift */ = {isa = PBXFileReference; lastKnownFileType = sourcecode.swift; path = RequestKit.swift; sourceTree = "<group>"; };
		"RequestKit::RequestKit::Product" /* RequestKit.framework */ = {isa = PBXFileReference; explicitFileType = wrapper.framework; path = RequestKit.framework; sourceTree = BUILT_PRODUCTS_DIR; };
		"RequestKit::RequestKitTests::Product" /* RequestKitTests.xctest */ = {isa = PBXFileReference; lastKnownFileType = file; path = RequestKitTests.xctest; sourceTree = BUILT_PRODUCTS_DIR; };
/* End PBXFileReference section */

/* Begin PBXFrameworksBuildPhase section */
		OBJ_23 /* Frameworks */ = {
			isa = PBXFrameworksBuildPhase;
			buildActionMask = 0;
			files = (
			);
			runOnlyForDeploymentPostprocessing = 0;
		};
		OBJ_42 /* Frameworks */ = {
			isa = PBXFrameworksBuildPhase;
			buildActionMask = 0;
			files = (
				OBJ_43 /* RequestKit.framework in Frameworks */,
			);
			runOnlyForDeploymentPostprocessing = 0;
		};
/* End PBXFrameworksBuildPhase section */

/* Begin PBXGroup section */
		OBJ_10 /* Tests */ = {
			isa = PBXGroup;
			children = (
				OBJ_11 /* RequestKitTests */,
			);
			name = Tests;
			sourceTree = SOURCE_ROOT;
		};
		OBJ_11 /* RequestKitTests */ = {
			isa = PBXGroup;
			children = (
				OBJ_12 /* RequestKitTests.swift */,
				OBJ_13 /* XCTestManifests.swift */,
			);
			name = RequestKitTests;
			path = Tests/RequestKitTests;
			sourceTree = SOURCE_ROOT;
		};
		OBJ_14 /* Products */ = {
			isa = PBXGroup;
			children = (
				"RequestKit::RequestKit::Product" /* RequestKit.framework */,
				"RequestKit::RequestKitTests::Product" /* RequestKitTests.xctest */,
			);
			name = Products;
			sourceTree = BUILT_PRODUCTS_DIR;
		};
		OBJ_5 /*  */ = {
			isa = PBXGroup;
			children = (
				OBJ_6 /* Package.swift */,
				OBJ_7 /* Sources */,
				OBJ_10 /* Tests */,
				OBJ_14 /* Products */,
			);
			name = "";
			sourceTree = "<group>";
		};
		OBJ_7 /* Sources */ = {
			isa = PBXGroup;
			children = (
				OBJ_8 /* RequestKit */,
			);
			name = Sources;
			sourceTree = SOURCE_ROOT;
		};
		OBJ_8 /* RequestKit */ = {
			isa = PBXGroup;
			children = (
				OBJ_9 /* RequestKit.swift */,
				E2C74EA025047AF500948FF2 /* Components.swift */,
				E2C74EA425047B4000948FF2 /* WrapperRequest.swift */,
				E2C74EA225047B2000948FF2 /* URLComponents+Additions.swift */,
				E2C74EA62504818800948FF2 /* Optional+Additions.swift */,
				E2C74EB52505616A00948FF2 /* URLRequest+Additions.swift */,
			);
			name = RequestKit;
			path = Sources/RequestKit;
			sourceTree = SOURCE_ROOT;
		};
/* End PBXGroup section */

/* Begin PBXNativeTarget section */
		"RequestKit::RequestKit" /* RequestKit */ = {
			isa = PBXNativeTarget;
			buildConfigurationList = OBJ_18 /* Build configuration list for PBXNativeTarget "RequestKit" */;
			buildPhases = (
				OBJ_21 /* Sources */,
				OBJ_23 /* Frameworks */,
			);
			buildRules = (
			);
			dependencies = (
			);
			name = RequestKit;
			productName = RequestKit;
			productReference = "RequestKit::RequestKit::Product" /* RequestKit.framework */;
			productType = "com.apple.product-type.framework";
		};
		"RequestKit::RequestKitTests" /* RequestKitTests */ = {
			isa = PBXNativeTarget;
			buildConfigurationList = OBJ_36 /* Build configuration list for PBXNativeTarget "RequestKitTests" */;
			buildPhases = (
				OBJ_39 /* Sources */,
				OBJ_42 /* Frameworks */,
			);
			buildRules = (
			);
			dependencies = (
				OBJ_44 /* PBXTargetDependency */,
			);
			name = RequestKitTests;
			productName = RequestKitTests;
			productReference = "RequestKit::RequestKitTests::Product" /* RequestKitTests.xctest */;
			productType = "com.apple.product-type.bundle.unit-test";
		};
		"RequestKit::SwiftPMPackageDescription" /* RequestKitPackageDescription */ = {
			isa = PBXNativeTarget;
			buildConfigurationList = OBJ_25 /* Build configuration list for PBXNativeTarget "RequestKitPackageDescription" */;
			buildPhases = (
				OBJ_28 /* Sources */,
			);
			buildRules = (
			);
			dependencies = (
			);
			name = RequestKitPackageDescription;
			productName = RequestKitPackageDescription;
			productType = "com.apple.product-type.framework";
		};
/* End PBXNativeTarget section */

/* Begin PBXProject section */
		OBJ_1 /* Project object */ = {
			isa = PBXProject;
			attributes = {
				LastSwiftMigration = 9999;
				LastUpgradeCheck = 9999;
			};
			buildConfigurationList = OBJ_2 /* Build configuration list for PBXProject "RequestKit" */;
			compatibilityVersion = "Xcode 3.2";
			developmentRegion = en;
			hasScannedForEncodings = 0;
			knownRegions = (
				en,
			);
			mainGroup = OBJ_5 /*  */;
			productRefGroup = OBJ_14 /* Products */;
			projectDirPath = "";
			projectRoot = "";
			targets = (
				"RequestKit::RequestKit" /* RequestKit */,
				"RequestKit::SwiftPMPackageDescription" /* RequestKitPackageDescription */,
				"RequestKit::RequestKitPackageTests::ProductTarget" /* RequestKitPackageTests */,
				"RequestKit::RequestKitTests" /* RequestKitTests */,
			);
		};
/* End PBXProject section */

/* Begin PBXSourcesBuildPhase section */
		OBJ_21 /* Sources */ = {
			isa = PBXSourcesBuildPhase;
			buildActionMask = 0;
			files = (
				OBJ_22 /* RequestKit.swift in Sources */,
				E2C74EA72504818800948FF2 /* Optional+Additions.swift in Sources */,
				E2C74EA525047B4000948FF2 /* WrapperRequest.swift in Sources */,
				E2C74EA325047B2000948FF2 /* URLComponents+Additions.swift in Sources */,
				E2C74EA125047AF500948FF2 /* Components.swift in Sources */,
				E2C74EB62505616A00948FF2 /* URLRequest+Additions.swift in Sources */,
			);
			runOnlyForDeploymentPostprocessing = 0;
		};
		OBJ_28 /* Sources */ = {
			isa = PBXSourcesBuildPhase;
			buildActionMask = 0;
			files = (
				OBJ_29 /* Package.swift in Sources */,
			);
			runOnlyForDeploymentPostprocessing = 0;
		};
		OBJ_39 /* Sources */ = {
			isa = PBXSourcesBuildPhase;
			buildActionMask = 0;
			files = (
				OBJ_40 /* RequestKitTests.swift in Sources */,
				OBJ_41 /* XCTestManifests.swift in Sources */,
			);
			runOnlyForDeploymentPostprocessing = 0;
		};
/* End PBXSourcesBuildPhase section */

/* Begin PBXTargetDependency section */
		OBJ_34 /* PBXTargetDependency */ = {
			isa = PBXTargetDependency;
			target = "RequestKit::RequestKitTests" /* RequestKitTests */;
			targetProxy = E2C74E9F250479E400948FF2 /* PBXContainerItemProxy */;
		};
		OBJ_44 /* PBXTargetDependency */ = {
			isa = PBXTargetDependency;
			target = "RequestKit::RequestKit" /* RequestKit */;
			targetProxy = E2C74E9E250479E300948FF2 /* PBXContainerItemProxy */;
		};
/* End PBXTargetDependency section */

/* Begin XCBuildConfiguration section */
		OBJ_19 /* Debug */ = {
			isa = XCBuildConfiguration;
			buildSettings = {
				ENABLE_TESTABILITY = YES;
				FRAMEWORK_SEARCH_PATHS = (
					"$(inherited)",
					"$(PLATFORM_DIR)/Developer/Library/Frameworks",
				);
				HEADER_SEARCH_PATHS = "$(inherited)";
				INFOPLIST_FILE = RequestKit.xcodeproj/RequestKit_Info.plist;
				IPHONEOS_DEPLOYMENT_TARGET = 8.0;
				LD_RUNPATH_SEARCH_PATHS = "$(inherited) $(TOOLCHAIN_DIR)/usr/lib/swift/macosx";
				MACOSX_DEPLOYMENT_TARGET = 10.10;
				OTHER_CFLAGS = "$(inherited)";
				OTHER_LDFLAGS = "$(inherited)";
				OTHER_SWIFT_FLAGS = "$(inherited)";
				PRODUCT_BUNDLE_IDENTIFIER = RequestKit;
				PRODUCT_MODULE_NAME = "$(TARGET_NAME:c99extidentifier)";
				PRODUCT_NAME = "$(TARGET_NAME:c99extidentifier)";
				SKIP_INSTALL = YES;
				SWIFT_ACTIVE_COMPILATION_CONDITIONS = "$(inherited)";
				SWIFT_VERSION = 5.0;
				TARGET_NAME = RequestKit;
				TVOS_DEPLOYMENT_TARGET = 9.0;
				WATCHOS_DEPLOYMENT_TARGET = 2.0;
			};
			name = Debug;
		};
		OBJ_20 /* Release */ = {
			isa = XCBuildConfiguration;
			buildSettings = {
				ENABLE_TESTABILITY = YES;
				FRAMEWORK_SEARCH_PATHS = (
					"$(inherited)",
					"$(PLATFORM_DIR)/Developer/Library/Frameworks",
				);
				HEADER_SEARCH_PATHS = "$(inherited)";
				INFOPLIST_FILE = RequestKit.xcodeproj/RequestKit_Info.plist;
				IPHONEOS_DEPLOYMENT_TARGET = 8.0;
				LD_RUNPATH_SEARCH_PATHS = "$(inherited) $(TOOLCHAIN_DIR)/usr/lib/swift/macosx";
				MACOSX_DEPLOYMENT_TARGET = 10.10;
				OTHER_CFLAGS = "$(inherited)";
				OTHER_LDFLAGS = "$(inherited)";
				OTHER_SWIFT_FLAGS = "$(inherited)";
				PRODUCT_BUNDLE_IDENTIFIER = RequestKit;
				PRODUCT_MODULE_NAME = "$(TARGET_NAME:c99extidentifier)";
				PRODUCT_NAME = "$(TARGET_NAME:c99extidentifier)";
				SKIP_INSTALL = YES;
				SWIFT_ACTIVE_COMPILATION_CONDITIONS = "$(inherited)";
				SWIFT_VERSION = 5.0;
				TARGET_NAME = RequestKit;
				TVOS_DEPLOYMENT_TARGET = 9.0;
				WATCHOS_DEPLOYMENT_TARGET = 2.0;
			};
			name = Release;
		};
		OBJ_26 /* Debug */ = {
			isa = XCBuildConfiguration;
			buildSettings = {
				LD = /usr/bin/true;
				OTHER_SWIFT_FLAGS = "-swift-version 5 -I $(TOOLCHAIN_DIR)/usr/lib/swift/pm/4_2 -target x86_64-apple-macosx10.10 -sdk /Applications/Xcode.app/Contents/Developer/Platforms/MacOSX.platform/Developer/SDKs/MacOSX10.15.sdk -package-description-version 5.2.0";
				SWIFT_VERSION = 5.0;
			};
			name = Debug;
		};
		OBJ_27 /* Release */ = {
			isa = XCBuildConfiguration;
			buildSettings = {
				LD = /usr/bin/true;
				OTHER_SWIFT_FLAGS = "-swift-version 5 -I $(TOOLCHAIN_DIR)/usr/lib/swift/pm/4_2 -target x86_64-apple-macosx10.10 -sdk /Applications/Xcode.app/Contents/Developer/Platforms/MacOSX.platform/Developer/SDKs/MacOSX10.15.sdk -package-description-version 5.2.0";
				SWIFT_VERSION = 5.0;
			};
			name = Release;
		};
		OBJ_3 /* Debug */ = {
			isa = XCBuildConfiguration;
			buildSettings = {
				CLANG_ENABLE_OBJC_ARC = YES;
				COMBINE_HIDPI_IMAGES = YES;
				COPY_PHASE_STRIP = NO;
				DEBUG_INFORMATION_FORMAT = dwarf;
				DYLIB_INSTALL_NAME_BASE = "@rpath";
				ENABLE_NS_ASSERTIONS = YES;
				GCC_OPTIMIZATION_LEVEL = 0;
				GCC_PREPROCESSOR_DEFINITIONS = (
					"$(inherited)",
					"SWIFT_PACKAGE=1",
					"DEBUG=1",
				);
				MACOSX_DEPLOYMENT_TARGET = 10.10;
				ONLY_ACTIVE_ARCH = YES;
				OTHER_SWIFT_FLAGS = "$(inherited) -DXcode";
				PRODUCT_NAME = "$(TARGET_NAME)";
				SDKROOT = macosx;
				SUPPORTED_PLATFORMS = "macosx iphoneos iphonesimulator appletvos appletvsimulator watchos watchsimulator";
				SWIFT_ACTIVE_COMPILATION_CONDITIONS = "$(inherited) SWIFT_PACKAGE DEBUG";
				SWIFT_OPTIMIZATION_LEVEL = "-Onone";
				USE_HEADERMAP = NO;
			};
			name = Debug;
		};
		OBJ_32 /* Debug */ = {
			isa = XCBuildConfiguration;
			buildSettings = {
			};
			name = Debug;
		};
		OBJ_33 /* Release */ = {
			isa = XCBuildConfiguration;
			buildSettings = {
			};
			name = Release;
		};
		OBJ_37 /* Debug */ = {
			isa = XCBuildConfiguration;
			buildSettings = {
				CLANG_ENABLE_MODULES = YES;
				EMBEDDED_CONTENT_CONTAINS_SWIFT = YES;
				FRAMEWORK_SEARCH_PATHS = (
					"$(inherited)",
					"$(PLATFORM_DIR)/Developer/Library/Frameworks",
				);
				HEADER_SEARCH_PATHS = "$(inherited)";
				INFOPLIST_FILE = RequestKit.xcodeproj/RequestKitTests_Info.plist;
				IPHONEOS_DEPLOYMENT_TARGET = 8.0;
				LD_RUNPATH_SEARCH_PATHS = "$(inherited) @loader_path/../Frameworks @loader_path/Frameworks";
				MACOSX_DEPLOYMENT_TARGET = 10.10;
				OTHER_CFLAGS = "$(inherited)";
				OTHER_LDFLAGS = "$(inherited)";
				OTHER_SWIFT_FLAGS = "$(inherited)";
				SWIFT_ACTIVE_COMPILATION_CONDITIONS = "$(inherited)";
				SWIFT_VERSION = 5.0;
				TARGET_NAME = RequestKitTests;
				TVOS_DEPLOYMENT_TARGET = 9.0;
				WATCHOS_DEPLOYMENT_TARGET = 2.0;
			};
			name = Debug;
		};
		OBJ_38 /* Release */ = {
			isa = XCBuildConfiguration;
			buildSettings = {
				CLANG_ENABLE_MODULES = YES;
				EMBEDDED_CONTENT_CONTAINS_SWIFT = YES;
				FRAMEWORK_SEARCH_PATHS = (
					"$(inherited)",
					"$(PLATFORM_DIR)/Developer/Library/Frameworks",
				);
				HEADER_SEARCH_PATHS = "$(inherited)";
				INFOPLIST_FILE = RequestKit.xcodeproj/RequestKitTests_Info.plist;
				IPHONEOS_DEPLOYMENT_TARGET = 8.0;
				LD_RUNPATH_SEARCH_PATHS = "$(inherited) @loader_path/../Frameworks @loader_path/Frameworks";
				MACOSX_DEPLOYMENT_TARGET = 10.10;
				OTHER_CFLAGS = "$(inherited)";
				OTHER_LDFLAGS = "$(inherited)";
				OTHER_SWIFT_FLAGS = "$(inherited)";
				SWIFT_ACTIVE_COMPILATION_CONDITIONS = "$(inherited)";
				SWIFT_VERSION = 5.0;
				TARGET_NAME = RequestKitTests;
				TVOS_DEPLOYMENT_TARGET = 9.0;
				WATCHOS_DEPLOYMENT_TARGET = 2.0;
			};
			name = Release;
		};
		OBJ_4 /* Release */ = {
			isa = XCBuildConfiguration;
			buildSettings = {
				CLANG_ENABLE_OBJC_ARC = YES;
				COMBINE_HIDPI_IMAGES = YES;
				COPY_PHASE_STRIP = YES;
				DEBUG_INFORMATION_FORMAT = "dwarf-with-dsym";
				DYLIB_INSTALL_NAME_BASE = "@rpath";
				GCC_OPTIMIZATION_LEVEL = s;
				GCC_PREPROCESSOR_DEFINITIONS = (
					"$(inherited)",
					"SWIFT_PACKAGE=1",
				);
				MACOSX_DEPLOYMENT_TARGET = 10.10;
				OTHER_SWIFT_FLAGS = "$(inherited) -DXcode";
				PRODUCT_NAME = "$(TARGET_NAME)";
				SDKROOT = macosx;
				SUPPORTED_PLATFORMS = "macosx iphoneos iphonesimulator appletvos appletvsimulator watchos watchsimulator";
				SWIFT_ACTIVE_COMPILATION_CONDITIONS = "$(inherited) SWIFT_PACKAGE";
				SWIFT_OPTIMIZATION_LEVEL = "-Owholemodule";
				USE_HEADERMAP = NO;
			};
			name = Release;
		};
/* End XCBuildConfiguration section */

/* Begin XCConfigurationList section */
		OBJ_18 /* Build configuration list for PBXNativeTarget "RequestKit" */ = {
			isa = XCConfigurationList;
			buildConfigurations = (
				OBJ_19 /* Debug */,
				OBJ_20 /* Release */,
			);
			defaultConfigurationIsVisible = 0;
			defaultConfigurationName = Release;
		};
		OBJ_2 /* Build configuration list for PBXProject "RequestKit" */ = {
			isa = XCConfigurationList;
			buildConfigurations = (
				OBJ_3 /* Debug */,
				OBJ_4 /* Release */,
			);
			defaultConfigurationIsVisible = 0;
			defaultConfigurationName = Release;
		};
		OBJ_25 /* Build configuration list for PBXNativeTarget "RequestKitPackageDescription" */ = {
			isa = XCConfigurationList;
			buildConfigurations = (
				OBJ_26 /* Debug */,
				OBJ_27 /* Release */,
			);
			defaultConfigurationIsVisible = 0;
			defaultConfigurationName = Release;
		};
		OBJ_31 /* Build configuration list for PBXAggregateTarget "RequestKitPackageTests" */ = {
			isa = XCConfigurationList;
			buildConfigurations = (
				OBJ_32 /* Debug */,
				OBJ_33 /* Release */,
			);
			defaultConfigurationIsVisible = 0;
			defaultConfigurationName = Release;
		};
		OBJ_36 /* Build configuration list for PBXNativeTarget "RequestKitTests" */ = {
			isa = XCConfigurationList;
			buildConfigurations = (
				OBJ_37 /* Debug */,
				OBJ_38 /* Release */,
			);
			defaultConfigurationIsVisible = 0;
			defaultConfigurationName = Release;
		};
/* End XCConfigurationList section */
	};
	rootObject = OBJ_1 /* Project object */;
}
